// !$*UTF8*$!
{
	archiveVersion = 1;
	classes = {
	};
	objectVersion = 77;
	objects = {

/* Begin PBXBuildFile section */
		6997AA822D5B57E300572B10 /* ModernButtonConfig.swift in Sources */ = {isa = PBXBuildFile; fileRef = 6997AA7D2D5B57E300572B10 /* ModernButtonConfig.swift */; };
		6997AA832D5B57E300572B10 /* ContentView.swift in Sources */ = {isa = PBXBuildFile; fileRef = 6997AA7F2D5B57E300572B10 /* ContentView.swift */; };
		6997AA842D5B57E300572B10 /* ModernButton.swift in Sources */ = {isa = PBXBuildFile; fileRef = 6997AA802D5B57E300572B10 /* ModernButton.swift */; };
		6997AB382D5B7FE900572B10 /* ModernButtonStyle.swift in Sources */ = {isa = PBXBuildFile; fileRef = 6997AB372D5B7FE900572B10 /* ModernButtonStyle.swift */; };
		6997AB3B2D5B813A00572B10 /* WindowManager.swift in Sources */ = {isa = PBXBuildFile; fileRef = 6997AB392D5B813A00572B10 /* WindowManager.swift */; };
		6997AB3D2D5B814A00572B10 /* ScreenPosition.swift in Sources */ = {isa = PBXBuildFile; fileRef = 6997AB3C2D5B814A00572B10 /* ScreenPosition.swift */; };
		6997AB3F2D5B844400572B10 /* Theme+Colors.swift in Sources */ = {isa = PBXBuildFile; fileRef = 6997AB3E2D5B844400572B10 /* Theme+Colors.swift */; };
		6997AB412D5B84A700572B10 /* ViewWidthKey.swift in Sources */ = {isa = PBXBuildFile; fileRef = 6997AB402D5B84A700572B10 /* ViewWidthKey.swift */; };
		6997AB442D5B84C200572B10 /* BackgroundPattern.swift in Sources */ = {isa = PBXBuildFile; fileRef = 6997AB432D5B84C200572B10 /* BackgroundPattern.swift */; };
		6997AB5D2D5BC4C100572B10 /* WindowWeaverrApp.swift in Sources */ = {isa = PBXBuildFile; fileRef = 6997AB5B2D5BC4C100572B10 /* WindowWeaverrApp.swift */; };
		6997AB5E2D5BC4C100572B10 /* .gitignore in Resources */ = {isa = PBXBuildFile; fileRef = 6997AB492D5BC4C100572B10 /* .gitignore */; };
		6997AB5F2D5BC4C100572B10 /* CHANGELOG.md in Resources */ = {isa = PBXBuildFile; fileRef = 6997AB4A2D5BC4C100572B10 /* CHANGELOG.md */; };
		6997AB602D5BC4C100572B10 /* CONTRIBUTING.md in Resources */ = {isa = PBXBuildFile; fileRef = 6997AB4B2D5BC4C100572B10 /* CONTRIBUTING.md */; };
		6997AB612D5BC4C100572B10 /* LICENSE (MIT) in Resources */ = {isa = PBXBuildFile; fileRef = 6997AB4C2D5BC4C100572B10 /* LICENSE (MIT) */; };
		6997AB622D5BC4C100572B10 /* README.md in Resources */ = {isa = PBXBuildFile; fileRef = 6997AB4D2D5BC4C100572B10 /* README.md */; };
		6997AB642D5BC4C100572B10 /* Ekran Resmi 2025-02-09 15.36.53.png in Resources */ = {isa = PBXBuildFile; fileRef = 6997AB512D5BC4C100572B10 /* Ekran Resmi 2025-02-09 15.36.53.png */; };
		6997AB652D5BC4C100572B10 /* Ekran Resmi 2025-02-09 15.45.05.png in Resources */ = {isa = PBXBuildFile; fileRef = 6997AB522D5BC4C100572B10 /* Ekran Resmi 2025-02-09 15.45.05.png */; };
		6997AB662D5BC4C100572B10 /* Ekran Resmi 2025-02-09 15.45.16.png in Resources */ = {isa = PBXBuildFile; fileRef = 6997AB532D5BC4C100572B10 /* Ekran Resmi 2025-02-09 15.45.16.png */; };
		6997AB672D5BC4C100572B10 /* Ekran Resmi 2025-02-09 15.45.38.png in Resources */ = {isa = PBXBuildFile; fileRef = 6997AB542D5BC4C100572B10 /* Ekran Resmi 2025-02-09 15.45.38.png */; };
		6997AB682D5BC4C100572B10 /* Ekran Resmi 2025-02-09 15.46.29.png in Resources */ = {isa = PBXBuildFile; fileRef = 6997AB552D5BC4C100572B10 /* Ekran Resmi 2025-02-09 15.46.29.png */; };
		6997AB692D5BC4C100572B10 /* Ekran Resmi 2025-02-09 15.47.04.png in Resources */ = {isa = PBXBuildFile; fileRef = 6997AB562D5BC4C100572B10 /* Ekran Resmi 2025-02-09 15.47.04.png */; };
		6997AB6A2D5BC4C100572B10 /* Assets.xcassets in Resources */ = {isa = PBXBuildFile; fileRef = 6997AB582D5BC4C100572B10 /* Assets.xcassets */; };
		6997AB6E2D5BC4D500572B10 /* KeyboardShortcuts.swift in Sources */ = {isa = PBXBuildFile; fileRef = 6997AB6C2D5BC4D500572B10 /* KeyboardShortcuts.swift */; };
		6997AB722D5BC4D800572B10 /* StatusBarController.swift in Sources */ = {isa = PBXBuildFile; fileRef = 6997AB6F2D5BC4D800572B10 /* StatusBarController.swift */; };
		6997AB732D5BC4D800572B10 /* StatusBarView.swift in Sources */ = {isa = PBXBuildFile; fileRef = 6997AB702D5BC4D800572B10 /* StatusBarView.swift */; };
/* End PBXBuildFile section */

/* Begin PBXFileReference section */
		6997AA7D2D5B57E300572B10 /* ModernButtonConfig.swift */ = {isa = PBXFileReference; lastKnownFileType = sourcecode.swift; path = ModernButtonConfig.swift; sourceTree = "<group>"; };
		6997AA7F2D5B57E300572B10 /* ContentView.swift */ = {isa = PBXFileReference; lastKnownFileType = sourcecode.swift; path = ContentView.swift; sourceTree = "<group>"; };
		6997AA802D5B57E300572B10 /* ModernButton.swift */ = {isa = PBXFileReference; lastKnownFileType = sourcecode.swift; path = ModernButton.swift; sourceTree = "<group>"; };
		6997AB372D5B7FE900572B10 /* ModernButtonStyle.swift */ = {isa = PBXFileReference; lastKnownFileType = sourcecode.swift; path = ModernButtonStyle.swift; sourceTree = "<group>"; };
		6997AB392D5B813A00572B10 /* WindowManager.swift */ = {isa = PBXFileReference; lastKnownFileType = sourcecode.swift; path = WindowManager.swift; sourceTree = "<group>"; };
		6997AB3C2D5B814A00572B10 /* ScreenPosition.swift */ = {isa = PBXFileReference; lastKnownFileType = sourcecode.swift; path = ScreenPosition.swift; sourceTree = "<group>"; };
		6997AB3E2D5B844400572B10 /* Theme+Colors.swift */ = {isa = PBXFileReference; lastKnownFileType = sourcecode.swift; path = "Theme+Colors.swift"; sourceTree = "<group>"; };
		6997AB402D5B84A700572B10 /* ViewWidthKey.swift */ = {isa = PBXFileReference; lastKnownFileType = sourcecode.swift; path = ViewWidthKey.swift; sourceTree = "<group>"; };
		6997AB432D5B84C200572B10 /* BackgroundPattern.swift */ = {isa = PBXFileReference; lastKnownFileType = sourcecode.swift; path = BackgroundPattern.swift; sourceTree = "<group>"; };
		6997AB492D5BC4C100572B10 /* .gitignore */ = {isa = PBXFileReference; lastKnownFileType = text; path = .gitignore; sourceTree = "<group>"; };
		6997AB4A2D5BC4C100572B10 /* CHANGELOG.md */ = {isa = PBXFileReference; lastKnownFileType = net.daringfireball.markdown; path = CHANGELOG.md; sourceTree = "<group>"; };
		6997AB4B2D5BC4C100572B10 /* CONTRIBUTING.md */ = {isa = PBXFileReference; lastKnownFileType = net.daringfireball.markdown; path = CONTRIBUTING.md; sourceTree = "<group>"; };
		6997AB4C2D5BC4C100572B10 /* LICENSE (MIT) */ = {isa = PBXFileReference; lastKnownFileType = text; path = "LICENSE (MIT)"; sourceTree = "<group>"; };
		6997AB4D2D5BC4C100572B10 /* README.md */ = {isa = PBXFileReference; lastKnownFileType = net.daringfireball.markdown; path = README.md; sourceTree = "<group>"; };
		6997AB512D5BC4C100572B10 /* Ekran Resmi 2025-02-09 15.36.53.png */ = {isa = PBXFileReference; lastKnownFileType = image.png; path = "Ekran Resmi 2025-02-09 15.36.53.png"; sourceTree = "<group>"; };
		6997AB522D5BC4C100572B10 /* Ekran Resmi 2025-02-09 15.45.05.png */ = {isa = PBXFileReference; lastKnownFileType = image.png; path = "Ekran Resmi 2025-02-09 15.45.05.png"; sourceTree = "<group>"; };
		6997AB532D5BC4C100572B10 /* Ekran Resmi 2025-02-09 15.45.16.png */ = {isa = PBXFileReference; lastKnownFileType = image.png; path = "Ekran Resmi 2025-02-09 15.45.16.png"; sourceTree = "<group>"; };
		6997AB542D5BC4C100572B10 /* Ekran Resmi 2025-02-09 15.45.38.png */ = {isa = PBXFileReference; lastKnownFileType = image.png; path = "Ekran Resmi 2025-02-09 15.45.38.png"; sourceTree = "<group>"; };
		6997AB552D5BC4C100572B10 /* Ekran Resmi 2025-02-09 15.46.29.png */ = {isa = PBXFileReference; lastKnownFileType = image.png; path = "Ekran Resmi 2025-02-09 15.46.29.png"; sourceTree = "<group>"; };
		6997AB562D5BC4C100572B10 /* Ekran Resmi 2025-02-09 15.47.04.png */ = {isa = PBXFileReference; lastKnownFileType = image.png; path = "Ekran Resmi 2025-02-09 15.47.04.png"; sourceTree = "<group>"; };
		6997AB582D5BC4C100572B10 /* Assets.xcassets */ = {isa = PBXFileReference; lastKnownFileType = folder.assetcatalog; path = Assets.xcassets; sourceTree = "<group>"; };
		6997AB592D5BC4C100572B10 /* Info.plist */ = {isa = PBXFileReference; lastKnownFileType = text.plist.xml; path = Info.plist; sourceTree = "<group>"; };
		6997AB5A2D5BC4C100572B10 /* WindowWeaverr.entitlements */ = {isa = PBXFileReference; lastKnownFileType = text.plist.entitlements; path = WindowWeaverr.entitlements; sourceTree = "<group>"; };
		6997AB5B2D5BC4C100572B10 /* WindowWeaverrApp.swift */ = {isa = PBXFileReference; lastKnownFileType = sourcecode.swift; path = WindowWeaverrApp.swift; sourceTree = "<group>"; };
		6997AB6C2D5BC4D500572B10 /* KeyboardShortcuts.swift */ = {isa = PBXFileReference; lastKnownFileType = sourcecode.swift; path = KeyboardShortcuts.swift; sourceTree = "<group>"; };
		6997AB6F2D5BC4D800572B10 /* StatusBarController.swift */ = {isa = PBXFileReference; lastKnownFileType = sourcecode.swift; path = StatusBarController.swift; sourceTree = "<group>"; };
		6997AB702D5BC4D800572B10 /* StatusBarView.swift */ = {isa = PBXFileReference; lastKnownFileType = sourcecode.swift; path = StatusBarView.swift; sourceTree = "<group>"; };
		D3EF74972D5A7F590001C487 /* WindowWeaverr.app */ = {isa = PBXFileReference; explicitFileType = wrapper.application; includeInIndex = 0; path = WindowWeaverr.app; sourceTree = BUILT_PRODUCTS_DIR; };
/* End PBXFileReference section */

/* Begin PBXFrameworksBuildPhase section */
		D3EF74942D5A7F590001C487 /* Frameworks */ = {
			isa = PBXFrameworksBuildPhase;
			buildActionMask = 2147483647;
			files = (
			);
			runOnlyForDeploymentPostprocessing = 0;
		};
/* End PBXFrameworksBuildPhase section */

/* Begin PBXGroup section */
		6997AA812D5B57E300572B10 /* UI */ = {
			isa = PBXGroup;
			children = (
				6997AB3E2D5B844400572B10 /* Theme+Colors.swift */,
				6997AB422D5B84B600572B10 /* Content View */,
				6997AB362D5B7FDE00572B10 /* Buttons */,
			);
			path = UI;
			sourceTree = "<group>";
		};
		6997AB362D5B7FDE00572B10 /* Buttons */ = {
			isa = PBXGroup;
			children = (
				6997AA802D5B57E300572B10 /* ModernButton.swift */,
				6997AB372D5B7FE900572B10 /* ModernButtonStyle.swift */,
				6997AA7D2D5B57E300572B10 /* ModernButtonConfig.swift */,
			);
			path = Buttons;
			sourceTree = "<group>";
		};
		6997AB3A2D5B813A00572B10 /* Sources */ = {
			isa = PBXGroup;
			children = (
				6997AB3C2D5B814A00572B10 /* ScreenPosition.swift */,
				6997AB392D5B813A00572B10 /* WindowManager.swift */,
			);
			path = Sources;
			sourceTree = "<group>";
		};
		6997AB422D5B84B600572B10 /* Content View */ = {
			isa = PBXGroup;
			children = (
				6997AA7F2D5B57E300572B10 /* ContentView.swift */,
				6997AB452D5B84D100572B10 /* Helpers */,
			);
			path = "Content View";
			sourceTree = "<group>";
		};
		6997AB452D5B84D100572B10 /* Helpers */ = {
			isa = PBXGroup;
			children = (
				6997AB432D5B84C200572B10 /* BackgroundPattern.swift */,
				6997AB402D5B84A700572B10 /* ViewWidthKey.swift */,
			);
			path = Helpers;
			sourceTree = "<group>";
		};
		6997AB4E2D5BC4C100572B10 /* Documentation */ = {
			isa = PBXGroup;
			children = (
				6997AB492D5BC4C100572B10 /* .gitignore */,
				6997AB4A2D5BC4C100572B10 /* CHANGELOG.md */,
				6997AB4B2D5BC4C100572B10 /* CONTRIBUTING.md */,
				6997AB4C2D5BC4C100572B10 /* LICENSE (MIT) */,
				6997AB4D2D5BC4C100572B10 /* README.md */,
			);
			path = Documentation;
			sourceTree = "<group>";
		};
		6997AB572D5BC4C100572B10 /* ScreenShots */ = {
			isa = PBXGroup;
			children = (
				6997AB512D5BC4C100572B10 /* Ekran Resmi 2025-02-09 15.36.53.png */,
				6997AB522D5BC4C100572B10 /* Ekran Resmi 2025-02-09 15.45.05.png */,
				6997AB532D5BC4C100572B10 /* Ekran Resmi 2025-02-09 15.45.16.png */,
				6997AB542D5BC4C100572B10 /* Ekran Resmi 2025-02-09 15.45.38.png */,
				6997AB552D5BC4C100572B10 /* Ekran Resmi 2025-02-09 15.46.29.png */,
				6997AB562D5BC4C100572B10 /* Ekran Resmi 2025-02-09 15.47.04.png */,
			);
			path = ScreenShots;
			sourceTree = "<group>";
		};
		6997AB5C2D5BC4C100572B10 /* WindowWeaverr */ = {
			isa = PBXGroup;
			children = (
				6997AB4E2D5BC4C100572B10 /* Documentation */,
				6997AB572D5BC4C100572B10 /* ScreenShots */,
				6997AB582D5BC4C100572B10 /* Assets.xcassets */,
				6997AB592D5BC4C100572B10 /* Info.plist */,
				6997AB5A2D5BC4C100572B10 /* WindowWeaverr.entitlements */,
				6997AB5B2D5BC4C100572B10 /* WindowWeaverrApp.swift */,
			);
			path = WindowWeaverr;
			sourceTree = "<group>";
		};
		6997AB6D2D5BC4D500572B10 /* Utils */ = {
			isa = PBXGroup;
			children = (
				6997AB6C2D5BC4D500572B10 /* KeyboardShortcuts.swift */,
			);
			path = Utils;
			sourceTree = "<group>";
		};
		6997AB712D5BC4D800572B10 /* Features */ = {
			isa = PBXGroup;
			children = (
				6997AB6F2D5BC4D800572B10 /* StatusBarController.swift */,
				6997AB702D5BC4D800572B10 /* StatusBarView.swift */,
			);
			path = Features;
			sourceTree = "<group>";
		};
		D3EF748E2D5A7F590001C487 = {
			isa = PBXGroup;
			children = (
				6997AB3A2D5B813A00572B10 /* Sources */,
				6997AA812D5B57E300572B10 /* UI */,
				6997AB712D5BC4D800572B10 /* Features */,
				6997AB6D2D5BC4D500572B10 /* Utils */,
				6997AB5C2D5BC4C100572B10 /* WindowWeaverr */,
				D3EF74982D5A7F590001C487 /* Products */,
			);
			sourceTree = "<group>";
		};
		D3EF74982D5A7F590001C487 /* Products */ = {
			isa = PBXGroup;
			children = (
				D3EF74972D5A7F590001C487 /* WindowWeaverr.app */,
			);
			name = Products;
			sourceTree = "<group>";
		};
/* End PBXGroup section */

/* Begin PBXNativeTarget section */
		D3EF74962D5A7F590001C487 /* WindowWeaverr */ = {
			isa = PBXNativeTarget;
			buildConfigurationList = D3EF74A62D5A7F5A0001C487 /* Build configuration list for PBXNativeTarget "WindowWeaverr" */;
			buildPhases = (
				D3EF74932D5A7F590001C487 /* Sources */,
				D3EF74942D5A7F590001C487 /* Frameworks */,
				D3EF74952D5A7F590001C487 /* Resources */,
			);
			buildRules = (
			);
			dependencies = (
				6997AB482D5BC20100572B10 /* PBXTargetDependency */,
			);
			name = WindowWeaverr;
			packageProductDependencies = (
			);
			productName = WindowWeaverr;
			productReference = D3EF74972D5A7F590001C487 /* WindowWeaverr.app */;
			productType = "com.apple.product-type.application";
		};
/* End PBXNativeTarget section */

/* Begin PBXProject section */
		D3EF748F2D5A7F590001C487 /* Project object */ = {
			isa = PBXProject;
			attributes = {
				BuildIndependentTargetsInParallel = 1;
				LastSwiftUpdateCheck = 1620;
				LastUpgradeCheck = 1620;
				TargetAttributes = {
					D3EF74962D5A7F590001C487 = {
						CreatedOnToolsVersion = 16.2;
					};
				};
			};
			buildConfigurationList = D3EF74922D5A7F590001C487 /* Build configuration list for PBXProject "WindowWeaverr" */;
			developmentRegion = en;
			hasScannedForEncodings = 0;
			knownRegions = (
				en,
				Base,
			);
			mainGroup = D3EF748E2D5A7F590001C487;
			minimizedProjectReferenceProxies = 1;
			packageReferences = (
				6997AB462D5BC1D400572B10 /* XCRemoteSwiftPackageReference "SwiftLintPlugins" */,
			);
			preferredProjectObjectVersion = 77;
			productRefGroup = D3EF74982D5A7F590001C487 /* Products */;
			projectDirPath = "";
			projectRoot = "";
			targets = (
				D3EF74962D5A7F590001C487 /* WindowWeaverr */,
			);
		};
/* End PBXProject section */

/* Begin PBXResourcesBuildPhase section */
		D3EF74952D5A7F590001C487 /* Resources */ = {
			isa = PBXResourcesBuildPhase;
			buildActionMask = 2147483647;
			files = (
				6997AB5E2D5BC4C100572B10 /* .gitignore in Resources */,
				6997AB5F2D5BC4C100572B10 /* CHANGELOG.md in Resources */,
				6997AB602D5BC4C100572B10 /* CONTRIBUTING.md in Resources */,
				6997AB612D5BC4C100572B10 /* LICENSE (MIT) in Resources */,
				6997AB622D5BC4C100572B10 /* README.md in Resources */,
				6997AB642D5BC4C100572B10 /* Ekran Resmi 2025-02-09 15.36.53.png in Resources */,
				6997AB652D5BC4C100572B10 /* Ekran Resmi 2025-02-09 15.45.05.png in Resources */,
				6997AB662D5BC4C100572B10 /* Ekran Resmi 2025-02-09 15.45.16.png in Resources */,
				6997AB672D5BC4C100572B10 /* Ekran Resmi 2025-02-09 15.45.38.png in Resources */,
				6997AB682D5BC4C100572B10 /* Ekran Resmi 2025-02-09 15.46.29.png in Resources */,
				6997AB692D5BC4C100572B10 /* Ekran Resmi 2025-02-09 15.47.04.png in Resources */,
				6997AB6A2D5BC4C100572B10 /* Assets.xcassets in Resources */,
			);
			runOnlyForDeploymentPostprocessing = 0;
		};
/* End PBXResourcesBuildPhase section */

/* Begin PBXSourcesBuildPhase section */
		D3EF74932D5A7F590001C487 /* Sources */ = {
			isa = PBXSourcesBuildPhase;
			buildActionMask = 2147483647;
			files = (
				6997AA822D5B57E300572B10 /* ModernButtonConfig.swift in Sources */,
				6997AB5D2D5BC4C100572B10 /* WindowWeaverrApp.swift in Sources */,
				6997AB442D5B84C200572B10 /* BackgroundPattern.swift in Sources */,
				6997AB412D5B84A700572B10 /* ViewWidthKey.swift in Sources */,
				6997AB382D5B7FE900572B10 /* ModernButtonStyle.swift in Sources */,
				6997AA832D5B57E300572B10 /* ContentView.swift in Sources */,
				6997AB3B2D5B813A00572B10 /* WindowManager.swift in Sources */,
				6997AB722D5BC4D800572B10 /* StatusBarController.swift in Sources */,
				6997AB732D5BC4D800572B10 /* StatusBarView.swift in Sources */,
				6997AB6E2D5BC4D500572B10 /* KeyboardShortcuts.swift in Sources */,
				6997AB3D2D5B814A00572B10 /* ScreenPosition.swift in Sources */,
				6997AB3F2D5B844400572B10 /* Theme+Colors.swift in Sources */,
				6997AA842D5B57E300572B10 /* ModernButton.swift in Sources */,
			);
			runOnlyForDeploymentPostprocessing = 0;
		};
/* End PBXSourcesBuildPhase section */

/* Begin PBXTargetDependency section */
		6997AB482D5BC20100572B10 /* PBXTargetDependency */ = {
			isa = PBXTargetDependency;
			productRef = 6997AB472D5BC20100572B10 /* SwiftLintBuildToolPlugin */;
		};
/* End PBXTargetDependency section */

/* Begin XCBuildConfiguration section */
		D3EF74A42D5A7F5A0001C487 /* Debug */ = {
			isa = XCBuildConfiguration;
			buildSettings = {
				ALWAYS_SEARCH_USER_PATHS = NO;
				ASSETCATALOG_COMPILER_GENERATE_SWIFT_ASSET_SYMBOL_EXTENSIONS = YES;
				CLANG_ANALYZER_NONNULL = YES;
				CLANG_ANALYZER_NUMBER_OBJECT_CONVERSION = YES_AGGRESSIVE;
				CLANG_CXX_LANGUAGE_STANDARD = "gnu++20";
				CLANG_ENABLE_MODULES = YES;
				CLANG_ENABLE_OBJC_ARC = YES;
				CLANG_ENABLE_OBJC_WEAK = YES;
				CLANG_WARN_BLOCK_CAPTURE_AUTORELEASING = YES;
				CLANG_WARN_BOOL_CONVERSION = YES;
				CLANG_WARN_COMMA = YES;
				CLANG_WARN_CONSTANT_CONVERSION = YES;
				CLANG_WARN_DEPRECATED_OBJC_IMPLEMENTATIONS = YES;
				CLANG_WARN_DIRECT_OBJC_ISA_USAGE = YES_ERROR;
				CLANG_WARN_DOCUMENTATION_COMMENTS = YES;
				CLANG_WARN_EMPTY_BODY = YES;
				CLANG_WARN_ENUM_CONVERSION = YES;
				CLANG_WARN_INFINITE_RECURSION = YES;
				CLANG_WARN_INT_CONVERSION = YES;
				CLANG_WARN_NON_LITERAL_NULL_CONVERSION = YES;
				CLANG_WARN_OBJC_IMPLICIT_RETAIN_SELF = YES;
				CLANG_WARN_OBJC_LITERAL_CONVERSION = YES;
				CLANG_WARN_OBJC_ROOT_CLASS = YES_ERROR;
				CLANG_WARN_QUOTED_INCLUDE_IN_FRAMEWORK_HEADER = YES;
				CLANG_WARN_RANGE_LOOP_ANALYSIS = YES;
				CLANG_WARN_STRICT_PROTOTYPES = YES;
				CLANG_WARN_SUSPICIOUS_MOVE = YES;
				CLANG_WARN_UNGUARDED_AVAILABILITY = YES_AGGRESSIVE;
				CLANG_WARN_UNREACHABLE_CODE = YES;
				CLANG_WARN__DUPLICATE_METHOD_MATCH = YES;
				COPY_PHASE_STRIP = NO;
				DEBUG_INFORMATION_FORMAT = dwarf;
				ENABLE_STRICT_OBJC_MSGSEND = YES;
				ENABLE_TESTABILITY = YES;
				ENABLE_USER_SCRIPT_SANDBOXING = YES;
				GCC_C_LANGUAGE_STANDARD = gnu17;
				GCC_DYNAMIC_NO_PIC = NO;
				GCC_NO_COMMON_BLOCKS = YES;
				GCC_OPTIMIZATION_LEVEL = 0;
				GCC_PREPROCESSOR_DEFINITIONS = (
					"DEBUG=1",
					"$(inherited)",
				);
				GCC_WARN_64_TO_32_BIT_CONVERSION = YES;
				GCC_WARN_ABOUT_RETURN_TYPE = YES_ERROR;
				GCC_WARN_UNDECLARED_SELECTOR = YES;
				GCC_WARN_UNINITIALIZED_AUTOS = YES_AGGRESSIVE;
				GCC_WARN_UNUSED_FUNCTION = YES;
				GCC_WARN_UNUSED_VARIABLE = YES;
				LOCALIZATION_PREFERS_STRING_CATALOGS = YES;
				MACOSX_DEPLOYMENT_TARGET = 15.2;
				MTL_ENABLE_DEBUG_INFO = INCLUDE_SOURCE;
				MTL_FAST_MATH = YES;
				ONLY_ACTIVE_ARCH = YES;
				SDKROOT = macosx;
				SWIFT_ACTIVE_COMPILATION_CONDITIONS = "DEBUG $(inherited)";
				SWIFT_OPTIMIZATION_LEVEL = "-Onone";
			};
			name = Debug;
		};
		D3EF74A52D5A7F5A0001C487 /* Release */ = {
			isa = XCBuildConfiguration;
			buildSettings = {
				ALWAYS_SEARCH_USER_PATHS = NO;
				ASSETCATALOG_COMPILER_GENERATE_SWIFT_ASSET_SYMBOL_EXTENSIONS = YES;
				CLANG_ANALYZER_NONNULL = YES;
				CLANG_ANALYZER_NUMBER_OBJECT_CONVERSION = YES_AGGRESSIVE;
				CLANG_CXX_LANGUAGE_STANDARD = "gnu++20";
				CLANG_ENABLE_MODULES = YES;
				CLANG_ENABLE_OBJC_ARC = YES;
				CLANG_ENABLE_OBJC_WEAK = YES;
				CLANG_WARN_BLOCK_CAPTURE_AUTORELEASING = YES;
				CLANG_WARN_BOOL_CONVERSION = YES;
				CLANG_WARN_COMMA = YES;
				CLANG_WARN_CONSTANT_CONVERSION = YES;
				CLANG_WARN_DEPRECATED_OBJC_IMPLEMENTATIONS = YES;
				CLANG_WARN_DIRECT_OBJC_ISA_USAGE = YES_ERROR;
				CLANG_WARN_DOCUMENTATION_COMMENTS = YES;
				CLANG_WARN_EMPTY_BODY = YES;
				CLANG_WARN_ENUM_CONVERSION = YES;
				CLANG_WARN_INFINITE_RECURSION = YES;
				CLANG_WARN_INT_CONVERSION = YES;
				CLANG_WARN_NON_LITERAL_NULL_CONVERSION = YES;
				CLANG_WARN_OBJC_IMPLICIT_RETAIN_SELF = YES;
				CLANG_WARN_OBJC_LITERAL_CONVERSION = YES;
				CLANG_WARN_OBJC_ROOT_CLASS = YES_ERROR;
				CLANG_WARN_QUOTED_INCLUDE_IN_FRAMEWORK_HEADER = YES;
				CLANG_WARN_RANGE_LOOP_ANALYSIS = YES;
				CLANG_WARN_STRICT_PROTOTYPES = YES;
				CLANG_WARN_SUSPICIOUS_MOVE = YES;
				CLANG_WARN_UNGUARDED_AVAILABILITY = YES_AGGRESSIVE;
				CLANG_WARN_UNREACHABLE_CODE = YES;
				CLANG_WARN__DUPLICATE_METHOD_MATCH = YES;
				COPY_PHASE_STRIP = NO;
				DEBUG_INFORMATION_FORMAT = "dwarf-with-dsym";
				ENABLE_NS_ASSERTIONS = NO;
				ENABLE_STRICT_OBJC_MSGSEND = YES;
				ENABLE_USER_SCRIPT_SANDBOXING = YES;
				GCC_C_LANGUAGE_STANDARD = gnu17;
				GCC_NO_COMMON_BLOCKS = YES;
				GCC_WARN_64_TO_32_BIT_CONVERSION = YES;
				GCC_WARN_ABOUT_RETURN_TYPE = YES_ERROR;
				GCC_WARN_UNDECLARED_SELECTOR = YES;
				GCC_WARN_UNINITIALIZED_AUTOS = YES_AGGRESSIVE;
				GCC_WARN_UNUSED_FUNCTION = YES;
				GCC_WARN_UNUSED_VARIABLE = YES;
				LOCALIZATION_PREFERS_STRING_CATALOGS = YES;
				MACOSX_DEPLOYMENT_TARGET = 15.2;
				MTL_ENABLE_DEBUG_INFO = NO;
				MTL_FAST_MATH = YES;
				SDKROOT = macosx;
				SWIFT_COMPILATION_MODE = wholemodule;
			};
			name = Release;
		};
		D3EF74A72D5A7F5A0001C487 /* Debug */ = {
			isa = XCBuildConfiguration;
			buildSettings = {
				ASSETCATALOG_COMPILER_APPICON_NAME = AppIcon;
				ASSETCATALOG_COMPILER_GLOBAL_ACCENT_COLOR_NAME = AccentColor;
				CODE_SIGN_ENTITLEMENTS = WindowWeaverr/WindowWeaverr.entitlements;
				"CODE_SIGN_IDENTITY[sdk=macosx*]" = "-";
				CODE_SIGN_STYLE = Automatic;
				COMBINE_HIDPI_IMAGES = YES;
				CURRENT_PROJECT_VERSION = 1;
				DEVELOPMENT_TEAM = "";
				ENABLE_PREVIEWS = YES;
				GENERATE_INFOPLIST_FILE = YES;
				INFOPLIST_FILE = WindowWeaverr/Info.plist;
				INFOPLIST_KEY_CFBundleDisplayName = WindowWeaver;
				INFOPLIST_KEY_LSApplicationCategoryType = "Privacy - AppleEvents Sending Usage Description";
				INFOPLIST_KEY_LSBackgroundOnly = YES;
				INFOPLIST_KEY_LSUIElement = YES;
				INFOPLIST_KEY_NSAppleEventsUsageDescription = "WindowWeaver needs AppleEvents permission to control window positions.";
				INFOPLIST_KEY_NSHumanReadableCopyright = "";
				INFOPLIST_KEY_NSSystemAdministrationUsageDescription = "WindowWeaver needs permission to manage windows positions";
				LD_RUNPATH_SEARCH_PATHS = (
					"$(inherited)",
					"@executable_path/../Frameworks",
				);
				MARKETING_VERSION = 1.0;
				PRODUCT_BUNDLE_IDENTIFIER = WindowWeaverr.WindowWeaverr;
				PRODUCT_NAME = "$(TARGET_NAME)";
				SWIFT_EMIT_LOC_STRINGS = YES;
				SWIFT_VERSION = 5.0;
			};
			name = Debug;
		};
		D3EF74A82D5A7F5A0001C487 /* Release */ = {
			isa = XCBuildConfiguration;
			buildSettings = {
				ASSETCATALOG_COMPILER_APPICON_NAME = AppIcon;
				ASSETCATALOG_COMPILER_GLOBAL_ACCENT_COLOR_NAME = AccentColor;
				CODE_SIGN_ENTITLEMENTS = WindowWeaverr/WindowWeaverr.entitlements;
				"CODE_SIGN_IDENTITY[sdk=macosx*]" = "-";
				CODE_SIGN_STYLE = Automatic;
				COMBINE_HIDPI_IMAGES = YES;
				CURRENT_PROJECT_VERSION = 1;
				DEVELOPMENT_TEAM = "";
				ENABLE_PREVIEWS = YES;
				GENERATE_INFOPLIST_FILE = YES;
				INFOPLIST_FILE = WindowWeaverr/Info.plist;
				INFOPLIST_KEY_CFBundleDisplayName = WindowWeaver;
				INFOPLIST_KEY_LSApplicationCategoryType = "Privacy - AppleEvents Sending Usage Description";
				INFOPLIST_KEY_LSBackgroundOnly = YES;
				INFOPLIST_KEY_LSUIElement = YES;
				INFOPLIST_KEY_NSAppleEventsUsageDescription = "WindowWeaver needs AppleEvents permission to control window positions.";
				INFOPLIST_KEY_NSHumanReadableCopyright = "";
				INFOPLIST_KEY_NSSystemAdministrationUsageDescription = "WindowWeaver needs permission to manage windows positions";
				LD_RUNPATH_SEARCH_PATHS = (
					"$(inherited)",
					"@executable_path/../Frameworks",
				);
				MARKETING_VERSION = 1.0;
				PRODUCT_BUNDLE_IDENTIFIER = WindowWeaverr.WindowWeaverr;
				PRODUCT_NAME = "$(TARGET_NAME)";
				SWIFT_EMIT_LOC_STRINGS = YES;
				SWIFT_VERSION = 5.0;
			};
			name = Release;
		};
/* End XCBuildConfiguration section */

/* Begin XCConfigurationList section */
		D3EF74922D5A7F590001C487 /* Build configuration list for PBXProject "WindowWeaverr" */ = {
			isa = XCConfigurationList;
			buildConfigurations = (
				D3EF74A42D5A7F5A0001C487 /* Debug */,
				D3EF74A52D5A7F5A0001C487 /* Release */,
			);
			defaultConfigurationIsVisible = 0;
			defaultConfigurationName = Release;
		};
		D3EF74A62D5A7F5A0001C487 /* Build configuration list for PBXNativeTarget "WindowWeaverr" */ = {
			isa = XCConfigurationList;
			buildConfigurations = (
				D3EF74A72D5A7F5A0001C487 /* Debug */,
				D3EF74A82D5A7F5A0001C487 /* Release */,
			);
			defaultConfigurationIsVisible = 0;
			defaultConfigurationName = Release;
		};
/* End XCConfigurationList section */

/* Begin XCRemoteSwiftPackageReference section */
		6997AB462D5BC1D400572B10 /* XCRemoteSwiftPackageReference "SwiftLintPlugins" */ = {
			isa = XCRemoteSwiftPackageReference;
			repositoryURL = "https://github.com/SimplyDanny/SwiftLintPlugins";
			requirement = {
				kind = upToNextMajorVersion;
				minimumVersion = 0.58.2;
			};
		};
/* End XCRemoteSwiftPackageReference section */

/* Begin XCSwiftPackageProductDependency section */
		6997AB472D5BC20100572B10 /* SwiftLintBuildToolPlugin */ = {
			isa = XCSwiftPackageProductDependency;
			package = 6997AB462D5BC1D400572B10 /* XCRemoteSwiftPackageReference "SwiftLintPlugins" */;
			productName = "plugin:SwiftLintBuildToolPlugin";
		};
/* End XCSwiftPackageProductDependency section */
	};
	rootObject = D3EF748F2D5A7F590001C487 /* Project object */;
}
